
Microsoft Visual Studio Solution File, Format Version 12.00
Project("{FAE04EC0-301F-11D3-BF4B-00C04F79EFBC}") = "DataStrucutreUnitTests", "DataStrucutreUnitTests\DataStrucutreUnitTests.csproj", "{638F7BEB-638D-4D11-9CB7-6328FCCF4F38}"
EndProject
Project("{FAE04EC0-301F-11D3-BF4B-00C04F79EFBC}") = "DataStructure", "DataStructure\DataStructure.csproj", "{1750AE6E-17BE-4F4C-B4E2-6598EE427D2B}"
EndProject
Global
	GlobalSection(SolutionConfigurationPlatforms) = preSolution
		Debug|Any CPU = Debug|Any CPU
		Release|Any CPU = Release|Any CPU
	EndGlobalSection
	GlobalSection(ProjectConfigurationPlatforms) = postSolution
		{638F7BEB-638D-4D11-9CB7-6328FCCF4F38}.Debug|Any CPU.ActiveCfg = Debug|Any CPU
		{638F7BEB-638D-4D11-9CB7-6328FCCF4F38}.Debug|Any CPU.Build.0 = Debug|Any CPU
		{638F7BEB-638D-4D11-9CB7-6328FCCF4F38}.Release|Any CPU.ActiveCfg = Release|Any CPU
		{638F7BEB-638D-4D11-9CB7-6328FCCF4F38}.Release|Any CPU.Build.0 = Release|Any CPU
		{1750AE6E-17BE-4F4C-B4E2-6598EE427D2B}.Debug|Any CPU.ActiveCfg = Debug|Any CPU
		{1750AE6E-17BE-4F4C-B4E2-6598EE427D2B}.Debug|Any CPU.Build.0 = Debug|Any CPU
		{1750AE6E-17BE-4F4C-B4E2-6598EE427D2B}.Release|Any CPU.ActiveCfg = Release|Any CPU
		{1750AE6E-17BE-4F4C-B4E2-6598EE427D2B}.Release|Any CPU.Build.0 = Release|Any CPU
	EndGlobalSection
EndGlobal
